// !$*UTF8*$!
{
	archiveVersion = 1;
	classes = {
	};
	objectVersion = 50;
	objects = {

/* Begin PBXBuildFile section */
		5BE02E83253BACE900E546B9 /* Structs.swift in Sources */ = {isa = PBXBuildFile; fileRef = 5BE02E82253BACE900E546B9 /* Structs.swift */; };
		5BE02E86253BAE6300E546B9 /* FileHelper.swift in Sources */ = {isa = PBXBuildFile; fileRef = 5BE02E85253BAE6300E546B9 /* FileHelper.swift */; };
		DA499B4A253B8D7500BBCB28 /* CollectionViewController.swift in Sources */ = {isa = PBXBuildFile; fileRef = DA499B49253B8D7500BBCB28 /* CollectionViewController.swift */; };
		DA73A88E253B8BDE00E9DD60 /* AppDelegate.swift in Sources */ = {isa = PBXBuildFile; fileRef = DA73A88D253B8BDE00E9DD60 /* AppDelegate.swift */; };
		DA73A890253B8BDE00E9DD60 /* SceneDelegate.swift in Sources */ = {isa = PBXBuildFile; fileRef = DA73A88F253B8BDE00E9DD60 /* SceneDelegate.swift */; };
		DA73A892253B8BDE00E9DD60 /* ViewController.swift in Sources */ = {isa = PBXBuildFile; fileRef = DA73A891253B8BDE00E9DD60 /* ViewController.swift */; };
		DA73A895253B8BDE00E9DD60 /* Main.storyboard in Resources */ = {isa = PBXBuildFile; fileRef = DA73A893253B8BDE00E9DD60 /* Main.storyboard */; };
		DA73A897253B8BE300E9DD60 /* Assets.xcassets in Resources */ = {isa = PBXBuildFile; fileRef = DA73A896253B8BE300E9DD60 /* Assets.xcassets */; };
		DA73A89A253B8BE300E9DD60 /* LaunchScreen.storyboard in Resources */ = {isa = PBXBuildFile; fileRef = DA73A898253B8BE300E9DD60 /* LaunchScreen.storyboard */; };
		DA8A1B7D253B8DDF0077CF46 /* Lesson.swift in Sources */ = {isa = PBXBuildFile; fileRef = DA8A1B7C253B8DDF0077CF46 /* Lesson.swift */; };
		DA8A1B7F253B94660077CF46 /* LessonCell.swift in Sources */ = {isa = PBXBuildFile; fileRef = DA8A1B7E253B94660077CF46 /* LessonCell.swift */; };
/* End PBXBuildFile section */

/* Begin PBXFileReference section */
		5BE02E82253BACE900E546B9 /* Structs.swift */ = {isa = PBXFileReference; lastKnownFileType = sourcecode.swift; path = Structs.swift; sourceTree = "<group>"; };
		5BE02E85253BAE6300E546B9 /* FileHelper.swift */ = {isa = PBXFileReference; lastKnownFileType = sourcecode.swift; path = FileHelper.swift; sourceTree = "<group>"; };
		DA499B49253B8D7500BBCB28 /* CollectionViewController.swift */ = {isa = PBXFileReference; lastKnownFileType = sourcecode.swift; path = CollectionViewController.swift; sourceTree = "<group>"; };
		DA73A88A253B8BDE00E9DD60 /* Structs.app */ = {isa = PBXFileReference; explicitFileType = wrapper.application; includeInIndex = 0; path = Structs.app; sourceTree = BUILT_PRODUCTS_DIR; };
		DA73A88D253B8BDE00E9DD60 /* AppDelegate.swift */ = {isa = PBXFileReference; lastKnownFileType = sourcecode.swift; path = AppDelegate.swift; sourceTree = "<group>"; };
		DA73A88F253B8BDE00E9DD60 /* SceneDelegate.swift */ = {isa = PBXFileReference; lastKnownFileType = sourcecode.swift; path = SceneDelegate.swift; sourceTree = "<group>"; };
		DA73A891253B8BDE00E9DD60 /* ViewController.swift */ = {isa = PBXFileReference; lastKnownFileType = sourcecode.swift; path = ViewController.swift; sourceTree = "<group>"; };
		DA73A894253B8BDE00E9DD60 /* Base */ = {isa = PBXFileReference; lastKnownFileType = file.storyboard; name = Base; path = Base.lproj/Main.storyboard; sourceTree = "<group>"; };
		DA73A896253B8BE300E9DD60 /* Assets.xcassets */ = {isa = PBXFileReference; lastKnownFileType = folder.assetcatalog; path = Assets.xcassets; sourceTree = "<group>"; };
		DA73A899253B8BE300E9DD60 /* Base */ = {isa = PBXFileReference; lastKnownFileType = file.storyboard; name = Base; path = Base.lproj/LaunchScreen.storyboard; sourceTree = "<group>"; };
		DA73A89B253B8BE300E9DD60 /* Info.plist */ = {isa = PBXFileReference; lastKnownFileType = text.plist.xml; path = Info.plist; sourceTree = "<group>"; };
		DA8A1B7C253B8DDF0077CF46 /* Lesson.swift */ = {isa = PBXFileReference; lastKnownFileType = sourcecode.swift; path = Lesson.swift; sourceTree = "<group>"; };
		DA8A1B7E253B94660077CF46 /* LessonCell.swift */ = {isa = PBXFileReference; lastKnownFileType = sourcecode.swift; path = LessonCell.swift; sourceTree = "<group>"; };
/* End PBXFileReference section */

/* Begin PBXFrameworksBuildPhase section */
		DA73A887253B8BDE00E9DD60 /* Frameworks */ = {
			isa = PBXFrameworksBuildPhase;
			buildActionMask = 2147483647;
			files = (
			);
			runOnlyForDeploymentPostprocessing = 0;
		};
/* End PBXFrameworksBuildPhase section */

/* Begin PBXGroup section */
		DA73A881253B8BDD00E9DD60 = {
			isa = PBXGroup;
			children = (
				DA73A88C253B8BDE00E9DD60 /* Structs */,
				DA73A88B253B8BDE00E9DD60 /* Products */,
			);
			sourceTree = "<group>";
		};
		DA73A88B253B8BDE00E9DD60 /* Products */ = {
			isa = PBXGroup;
			children = (
				DA73A88A253B8BDE00E9DD60 /* Structs.app */,
			);
			name = Products;
			sourceTree = "<group>";
		};
		DA73A88C253B8BDE00E9DD60 /* Structs */ = {
			isa = PBXGroup;
			children = (
				DA73A88D253B8BDE00E9DD60 /* AppDelegate.swift */,
				DA73A88F253B8BDE00E9DD60 /* SceneDelegate.swift */,
				DA73A891253B8BDE00E9DD60 /* ViewController.swift */,
				DA73A893253B8BDE00E9DD60 /* Main.storyboard */,
				DA8A1B7C253B8DDF0077CF46 /* Lesson.swift */,
				DA499B49253B8D7500BBCB28 /* CollectionViewController.swift */,
				DA8A1B7E253B94660077CF46 /* LessonCell.swift */,
				DA73A896253B8BE300E9DD60 /* Assets.xcassets */,
				DA73A898253B8BE300E9DD60 /* LaunchScreen.storyboard */,
				DA73A89B253B8BE300E9DD60 /* Info.plist */,
				5BE02E82253BACE900E546B9 /* Structs.swift */,
				5BE02E85253BAE6300E546B9 /* FileHelper.swift */,
			);
			path = Structs;
			sourceTree = "<group>";
		};
/* End PBXGroup section */

/* Begin PBXNativeTarget section */
		DA73A889253B8BDE00E9DD60 /* Structs */ = {
			isa = PBXNativeTarget;
			buildConfigurationList = DA73A89E253B8BE300E9DD60 /* Build configuration list for PBXNativeTarget "Structs" */;
			buildPhases = (
				DA73A886253B8BDE00E9DD60 /* Sources */,
				DA73A887253B8BDE00E9DD60 /* Frameworks */,
				DA73A888253B8BDE00E9DD60 /* Resources */,
			);
			buildRules = (
			);
			dependencies = (
			);
			name = Structs;
			productName = Structs;
			productReference = DA73A88A253B8BDE00E9DD60 /* Structs.app */;
			productType = "com.apple.product-type.application";
		};
/* End PBXNativeTarget section */

/* Begin PBXProject section */
		DA73A882253B8BDD00E9DD60 /* Project object */ = {
			isa = PBXProject;
			attributes = {
				LastSwiftUpdateCheck = 1170;
				LastUpgradeCheck = 1170;
				ORGANIZATIONNAME = "Francisco Sainz";
				TargetAttributes = {
					DA73A889253B8BDE00E9DD60 = {
						CreatedOnToolsVersion = 11.7;
					};
				};
			};
			buildConfigurationList = DA73A885253B8BDD00E9DD60 /* Build configuration list for PBXProject "Structs" */;
			compatibilityVersion = "Xcode 9.3";
			developmentRegion = en;
			hasScannedForEncodings = 0;
			knownRegions = (
				en,
				Base,
			);
			mainGroup = DA73A881253B8BDD00E9DD60;
			productRefGroup = DA73A88B253B8BDE00E9DD60 /* Products */;
			projectDirPath = "";
			projectRoot = "";
			targets = (
				DA73A889253B8BDE00E9DD60 /* Structs */,
			);
		};
/* End PBXProject section */

/* Begin PBXResourcesBuildPhase section */
		DA73A888253B8BDE00E9DD60 /* Resources */ = {
			isa = PBXResourcesBuildPhase;
			buildActionMask = 2147483647;
			files = (
				DA73A89A253B8BE300E9DD60 /* LaunchScreen.storyboard in Resources */,
				DA73A897253B8BE300E9DD60 /* Assets.xcassets in Resources */,
				DA73A895253B8BDE00E9DD60 /* Main.storyboard in Resources */,
			);
			runOnlyForDeploymentPostprocessing = 0;
		};
/* End PBXResourcesBuildPhase section */

/* Begin PBXSourcesBuildPhase section */
		DA73A886253B8BDE00E9DD60 /* Sources */ = {
			isa = PBXSourcesBuildPhase;
			buildActionMask = 2147483647;
			files = (
				DA8A1B7D253B8DDF0077CF46 /* Lesson.swift in Sources */,
				DA8A1B7F253B94660077CF46 /* LessonCell.swift in Sources */,
				DA499B4A253B8D7500BBCB28 /* CollectionViewController.swift in Sources */,
				5BE02E86253BAE6300E546B9 /* FileHelper.swift in Sources */,
				5BE02E83253BACE900E546B9 /* Structs.swift in Sources */,
				DA73A892253B8BDE00E9DD60 /* ViewController.swift in Sources */,
				DA73A88E253B8BDE00E9DD60 /* AppDelegate.swift in Sources */,
				DA73A890253B8BDE00E9DD60 /* SceneDelegate.swift in Sources */,
			);
			runOnlyForDeploymentPostprocessing = 0;
		};
/* End PBXSourcesBuildPhase section */

/* Begin PBXVariantGroup section */
		DA73A893253B8BDE00E9DD60 /* Main.storyboard */ = {
			isa = PBXVariantGroup;
			children = (
				DA73A894253B8BDE00E9DD60 /* Base */,
			);
			name = Main.storyboard;
			sourceTree = "<group>";
		};
		DA73A898253B8BE300E9DD60 /* LaunchScreen.storyboard */ = {
			isa = PBXVariantGroup;
			children = (
				DA73A899253B8BE300E9DD60 /* Base */,
			);
			name = LaunchScreen.storyboard;
			sourceTree = "<group>";
		};
/* End PBXVariantGroup section */

/* Begin XCBuildConfiguration section */
		DA73A89C253B8BE300E9DD60 /* Debug */ = {
			isa = XCBuildConfiguration;
			buildSettings = {
				ALWAYS_SEARCH_USER_PATHS = NO;
				CLANG_ANALYZER_NONNULL = YES;
				CLANG_ANALYZER_NUMBER_OBJECT_CONVERSION = YES_AGGRESSIVE;
				CLANG_CXX_LANGUAGE_STANDARD = "gnu++14";
				CLANG_CXX_LIBRARY = "libc++";
				CLANG_ENABLE_MODULES = YES;
				CLANG_ENABLE_OBJC_ARC = YES;
				CLANG_ENABLE_OBJC_WEAK = YES;
				CLANG_WARN_BLOCK_CAPTURE_AUTORELEASING = YES;
				CLANG_WARN_BOOL_CONVERSION = YES;
				CLANG_WARN_COMMA = YES;
				CLANG_WARN_CONSTANT_CONVERSION = YES;
				CLANG_WARN_DEPRECATED_OBJC_IMPLEMENTATIONS = YES;
				CLANG_WARN_DIRECT_OBJC_ISA_USAGE = YES_ERROR;
				CLANG_WARN_DOCUMENTATION_COMMENTS = YES;
				CLANG_WARN_EMPTY_BODY = YES;
				CLANG_WARN_ENUM_CONVERSION = YES;
				CLANG_WARN_INFINITE_RECURSION = YES;
				CLANG_WARN_INT_CONVERSION = YES;
				CLANG_WARN_NON_LITERAL_NULL_CONVERSION = YES;
				CLANG_WARN_OBJC_IMPLICIT_RETAIN_SELF = YES;
				CLANG_WARN_OBJC_LITERAL_CONVERSION = YES;
				CLANG_WARN_OBJC_ROOT_CLASS = YES_ERROR;
				CLANG_WARN_RANGE_LOOP_ANALYSIS = YES;
				CLANG_WARN_STRICT_PROTOTYPES = YES;
				CLANG_WARN_SUSPICIOUS_MOVE = YES;
				CLANG_WARN_UNGUARDED_AVAILABILITY = YES_AGGRESSIVE;
				CLANG_WARN_UNREACHABLE_CODE = YES;
				CLANG_WARN__DUPLICATE_METHOD_MATCH = YES;
				COPY_PHASE_STRIP = NO;
				DEBUG_INFORMATION_FORMAT = dwarf;
				ENABLE_STRICT_OBJC_MSGSEND = YES;
				ENABLE_TESTABILITY = YES;
				GCC_C_LANGUAGE_STANDARD = gnu11;
				GCC_DYNAMIC_NO_PIC = NO;
				GCC_NO_COMMON_BLOCKS = YES;
				GCC_OPTIMIZATION_LEVEL = 0;
				GCC_PREPROCESSOR_DEFINITIONS = (
					"DEBUG=1",
					"$(inherited)",
				);
				GCC_WARN_64_TO_32_BIT_CONVERSION = YES;
				GCC_WARN_ABOUT_RETURN_TYPE = YES_ERROR;
				GCC_WARN_UNDECLARED_SELECTOR = YES;
				GCC_WARN_UNINITIALIZED_AUTOS = YES_AGGRESSIVE;
				GCC_WARN_UNUSED_FUNCTION = YES;
				GCC_WARN_UNUSED_VARIABLE = YES;
				IPHONEOS_DEPLOYMENT_TARGET = 13.7;
				MTL_ENABLE_DEBUG_INFO = INCLUDE_SOURCE;
				MTL_FAST_MATH = YES;
				ONLY_ACTIVE_ARCH = YES;
				SDKROOT = iphoneos;
				SWIFT_ACTIVE_COMPILATION_CONDITIONS = DEBUG;
				SWIFT_OPTIMIZATION_LEVEL = "-Onone";
			};
			name = Debug;
		};
		DA73A89D253B8BE300E9DD60 /* Release */ = {
			isa = XCBuildConfiguration;
			buildSettings = {
				ALWAYS_SEARCH_USER_PATHS = NO;
				CLANG_ANALYZER_NONNULL = YES;
				CLANG_ANALYZER_NUMBER_OBJECT_CONVERSION = YES_AGGRESSIVE;
				CLANG_CXX_LANGUAGE_STANDARD = "gnu++14";
				CLANG_CXX_LIBRARY = "libc++";
				CLANG_ENABLE_MODULES = YES;
				CLANG_ENABLE_OBJC_ARC = YES;
				CLANG_ENABLE_OBJC_WEAK = YES;
				CLANG_WARN_BLOCK_CAPTURE_AUTORELEASING = YES;
				CLANG_WARN_BOOL_CONVERSION = YES;
				CLANG_WARN_COMMA = YES;
				CLANG_WARN_CONSTANT_CONVERSION = YES;
				CLANG_WARN_DEPRECATED_OBJC_IMPLEMENTATIONS = YES;
				CLANG_WARN_DIRECT_OBJC_ISA_USAGE = YES_ERROR;
				CLANG_WARN_DOCUMENTATION_COMMENTS = YES;
				CLANG_WARN_EMPTY_BODY = YES;
				CLANG_WARN_ENUM_CONVERSION = YES;
				CLANG_WARN_INFINITE_RECURSION = YES;
				CLANG_WARN_INT_CONVERSION = YES;
				CLANG_WARN_NON_LITERAL_NULL_CONVERSION = YES;
				CLANG_WARN_OBJC_IMPLICIT_RETAIN_SELF = YES;
				CLANG_WARN_OBJC_LITERAL_CONVERSION = YES;
				CLANG_WARN_OBJC_ROOT_CLASS = YES_ERROR;
				CLANG_WARN_RANGE_LOOP_ANALYSIS = YES;
				CLANG_WARN_STRICT_PROTOTYPES = YES;
				CLANG_WARN_SUSPICIOUS_MOVE = YES;
				CLANG_WARN_UNGUARDED_AVAILABILITY = YES_AGGRESSIVE;
				CLANG_WARN_UNREACHABLE_CODE = YES;
				CLANG_WARN__DUPLICATE_METHOD_MATCH = YES;
				COPY_PHASE_STRIP = NO;
				DEBUG_INFORMATION_FORMAT = "dwarf-with-dsym";
				ENABLE_NS_ASSERTIONS = NO;
				ENABLE_STRICT_OBJC_MSGSEND = YES;
				GCC_C_LANGUAGE_STANDARD = gnu11;
				GCC_NO_COMMON_BLOCKS = YES;
				GCC_WARN_64_TO_32_BIT_CONVERSION = YES;
				GCC_WARN_ABOUT_RETURN_TYPE = YES_ERROR;
				GCC_WARN_UNDECLARED_SELECTOR = YES;
				GCC_WARN_UNINITIALIZED_AUTOS = YES_AGGRESSIVE;
				GCC_WARN_UNUSED_FUNCTION = YES;
				GCC_WARN_UNUSED_VARIABLE = YES;
				IPHONEOS_DEPLOYMENT_TARGET = 13.7;
				MTL_ENABLE_DEBUG_INFO = NO;
				MTL_FAST_MATH = YES;
				SDKROOT = iphoneos;
				SWIFT_COMPILATION_MODE = wholemodule;
				SWIFT_OPTIMIZATION_LEVEL = "-O";
				VALIDATE_PRODUCT = YES;
			};
			name = Release;
		};
		DA73A89F253B8BE300E9DD60 /* Debug */ = {
			isa = XCBuildConfiguration;
			buildSettings = {
				ASSETCATALOG_COMPILER_APPICON_NAME = AppIcon;
				CODE_SIGN_STYLE = Automatic;
				DEVELOPMENT_TEAM = A2Y4895Q34;
				INFOPLIST_FILE = Structs/Info.plist;
				LD_RUNPATH_SEARCH_PATHS = (
					"$(inherited)",
					"@executable_path/Frameworks",
				);
				PRODUCT_BUNDLE_IDENTIFIER = org.paco.Structs;
				PRODUCT_NAME = "$(TARGET_NAME)";
				SWIFT_VERSION = 5.0;
				TARGETED_DEVICE_FAMILY = "1,2";
			};
			name = Debug;
		};
		DA73A8A0253B8BE300E9DD60 /* Release */ = {
			isa = XCBuildConfiguration;
			buildSettings = {
				ASSETCATALOG_COMPILER_APPICON_NAME = AppIcon;
				CODE_SIGN_STYLE = Automatic;
				DEVELOPMENT_TEAM = A2Y4895Q34;
				INFOPLIST_FILE = Structs/Info.plist;
				LD_RUNPATH_SEARCH_PATHS = (
					"$(inherited)",
					"@executable_path/Frameworks",
				);
				PRODUCT_BUNDLE_IDENTIFIER = org.paco.Structs;
				PRODUCT_NAME = "$(TARGET_NAME)";
				SWIFT_VERSION = 5.0;
				TARGETED_DEVICE_FAMILY = "1,2";
			};
			name = Release;
		};
/* End XCBuildConfiguration section */

/* Begin XCConfigurationList section */
		DA73A885253B8BDD00E9DD60 /* Build configuration list for PBXProject "Structs" */ = {
			isa = XCConfigurationList;
			buildConfigurations = (
				DA73A89C253B8BE300E9DD60 /* Debug */,
				DA73A89D253B8BE300E9DD60 /* Release */,
			);
			defaultConfigurationIsVisible = 0;
			defaultConfigurationName = Release;
		};
		DA73A89E253B8BE300E9DD60 /* Build configuration list for PBXNativeTarget "Structs" */ = {
			isa = XCConfigurationList;
			buildConfigurations = (
				DA73A89F253B8BE300E9DD60 /* Debug */,
				DA73A8A0253B8BE300E9DD60 /* Release */,
			);
			defaultConfigurationIsVisible = 0;
			defaultConfigurationName = Release;
		};
/* End XCConfigurationList section */
	};
	rootObject = DA73A882253B8BDD00E9DD60 /* Project object */;
}
